// !$*UTF8*$!
{
	archiveVersion = 1;
	classes = {
	};
	objectVersion = 50;
	objects = {

/* Begin PBXBuildFile section */
		4B7EBD4C253AD19000F7BA27 /* Impressions.podspec in Resources */ = {isa = PBXBuildFile; fileRef = 4B7EBD4B253AD19000F7BA27 /* Impressions.podspec */; };
		4B9B96E125382452008D9A05 /* AppDelegate.swift in Sources */ = {isa = PBXBuildFile; fileRef = 4B9B96E025382452008D9A05 /* AppDelegate.swift */; };
		4B9B96E325382452008D9A05 /* SceneDelegate.swift in Sources */ = {isa = PBXBuildFile; fileRef = 4B9B96E225382452008D9A05 /* SceneDelegate.swift */; };
		4B9B96E525382452008D9A05 /* ContentView.swift in Sources */ = {isa = PBXBuildFile; fileRef = 4B9B96E425382452008D9A05 /* ContentView.swift */; };
		4B9B96E825382452008D9A05 /* grpc_Swift.xcdatamodeld in Sources */ = {isa = PBXBuildFile; fileRef = 4B9B96E625382452008D9A05 /* grpc_Swift.xcdatamodeld */; };
		4B9B96EA25382453008D9A05 /* Assets.xcassets in Resources */ = {isa = PBXBuildFile; fileRef = 4B9B96E925382453008D9A05 /* Assets.xcassets */; };
		4B9B96ED25382453008D9A05 /* Preview Assets.xcassets in Resources */ = {isa = PBXBuildFile; fileRef = 4B9B96EC25382453008D9A05 /* Preview Assets.xcassets */; };
		4B9B96F025382453008D9A05 /* LaunchScreen.storyboard in Resources */ = {isa = PBXBuildFile; fileRef = 4B9B96EE25382453008D9A05 /* LaunchScreen.storyboard */; };
		4B9B96FB25382453008D9A05 /* grpc_SwiftTests.swift in Sources */ = {isa = PBXBuildFile; fileRef = 4B9B96FA25382453008D9A05 /* grpc_SwiftTests.swift */; };
		4B9B970625382453008D9A05 /* grpc_SwiftUITests.swift in Sources */ = {isa = PBXBuildFile; fileRef = 4B9B970525382453008D9A05 /* grpc_SwiftUITests.swift */; };
		6E9F78848AFB360A0F5DD5D8 /* Pods_grpc_Swift_grpc_SwiftUITests.framework in Frameworks */ = {isa = PBXBuildFile; fileRef = 787B3031365334EE90395098 /* Pods_grpc_Swift_grpc_SwiftUITests.framework */; };
		D8C8AC94C117237F551DB121 /* Pods_grpc_Swift.framework in Frameworks */ = {isa = PBXBuildFile; fileRef = 4275CCE9C2151250DA8F6936 /* Pods_grpc_Swift.framework */; };
		EC1B294A71FA589041597D95 /* Pods_grpc_SwiftTests.framework in Frameworks */ = {isa = PBXBuildFile; fileRef = 4E4D73364FEDC932AF8C72F7 /* Pods_grpc_SwiftTests.framework */; };
/* End PBXBuildFile section */

/* Begin PBXContainerItemProxy section */
		4B9B96F725382453008D9A05 /* PBXContainerItemProxy */ = {
			isa = PBXContainerItemProxy;
			containerPortal = 4B9B96D525382452008D9A05 /* Project object */;
			proxyType = 1;
			remoteGlobalIDString = 4B9B96DC25382452008D9A05;
			remoteInfo = grpc_Swift;
		};
		4B9B970225382453008D9A05 /* PBXContainerItemProxy */ = {
			isa = PBXContainerItemProxy;
			containerPortal = 4B9B96D525382452008D9A05 /* Project object */;
			proxyType = 1;
			remoteGlobalIDString = 4B9B96DC25382452008D9A05;
			remoteInfo = grpc_Swift;
		};
/* End PBXContainerItemProxy section */

/* Begin PBXFileReference section */
		09B6CEA5EC04C1E365E79DEB /* Pods-grpc_Swift.debug.xcconfig */ = {isa = PBXFileReference; includeInIndex = 1; lastKnownFileType = text.xcconfig; name = "Pods-grpc_Swift.debug.xcconfig"; path = "Target Support Files/Pods-grpc_Swift/Pods-grpc_Swift.debug.xcconfig"; sourceTree = "<group>"; };
		1C75FAA6ECC9C64F5504507E /* Pods-grpc_SwiftTests.debug.xcconfig */ = {isa = PBXFileReference; includeInIndex = 1; lastKnownFileType = text.xcconfig; name = "Pods-grpc_SwiftTests.debug.xcconfig"; path = "Target Support Files/Pods-grpc_SwiftTests/Pods-grpc_SwiftTests.debug.xcconfig"; sourceTree = "<group>"; };
		41328FDF1BF8C90708335CCA /* Pods-grpc_Swift-grpc_SwiftUITests.release.xcconfig */ = {isa = PBXFileReference; includeInIndex = 1; lastKnownFileType = text.xcconfig; name = "Pods-grpc_Swift-grpc_SwiftUITests.release.xcconfig"; path = "Target Support Files/Pods-grpc_Swift-grpc_SwiftUITests/Pods-grpc_Swift-grpc_SwiftUITests.release.xcconfig"; sourceTree = "<group>"; };
		4275CCE9C2151250DA8F6936 /* Pods_grpc_Swift.framework */ = {isa = PBXFileReference; explicitFileType = wrapper.framework; includeInIndex = 0; path = Pods_grpc_Swift.framework; sourceTree = BUILT_PRODUCTS_DIR; };
		4B7EBD4B253AD19000F7BA27 /* Impressions.podspec */ = {isa = PBXFileReference; lastKnownFileType = file; path = Impressions.podspec; sourceTree = SOURCE_ROOT; };
		4B9B96DD25382452008D9A05 /* grpc_Swift.app */ = {isa = PBXFileReference; explicitFileType = wrapper.application; includeInIndex = 0; path = grpc_Swift.app; sourceTree = BUILT_PRODUCTS_DIR; };
		4B9B96E025382452008D9A05 /* AppDelegate.swift */ = {isa = PBXFileReference; lastKnownFileType = sourcecode.swift; path = AppDelegate.swift; sourceTree = "<group>"; };
		4B9B96E225382452008D9A05 /* SceneDelegate.swift */ = {isa = PBXFileReference; lastKnownFileType = sourcecode.swift; path = SceneDelegate.swift; sourceTree = "<group>"; };
		4B9B96E425382452008D9A05 /* ContentView.swift */ = {isa = PBXFileReference; lastKnownFileType = sourcecode.swift; path = ContentView.swift; sourceTree = "<group>"; };
		4B9B96E725382452008D9A05 /* grpc_Swift.xcdatamodel */ = {isa = PBXFileReference; lastKnownFileType = wrapper.xcdatamodel; path = grpc_Swift.xcdatamodel; sourceTree = "<group>"; };
		4B9B96E925382453008D9A05 /* Assets.xcassets */ = {isa = PBXFileReference; lastKnownFileType = folder.assetcatalog; path = Assets.xcassets; sourceTree = "<group>"; };
		4B9B96EC25382453008D9A05 /* Preview Assets.xcassets */ = {isa = PBXFileReference; lastKnownFileType = folder.assetcatalog; path = "Preview Assets.xcassets"; sourceTree = "<group>"; };
		4B9B96EF25382453008D9A05 /* Base */ = {isa = PBXFileReference; lastKnownFileType = file.storyboard; name = Base; path = Base.lproj/LaunchScreen.storyboard; sourceTree = "<group>"; };
		4B9B96F125382453008D9A05 /* Info.plist */ = {isa = PBXFileReference; lastKnownFileType = text.plist.xml; path = Info.plist; sourceTree = "<group>"; };
		4B9B96F625382453008D9A05 /* grpc_SwiftTests.xctest */ = {isa = PBXFileReference; explicitFileType = wrapper.cfbundle; includeInIndex = 0; path = grpc_SwiftTests.xctest; sourceTree = BUILT_PRODUCTS_DIR; };
		4B9B96FA25382453008D9A05 /* grpc_SwiftTests.swift */ = {isa = PBXFileReference; lastKnownFileType = sourcecode.swift; path = grpc_SwiftTests.swift; sourceTree = "<group>"; };
		4B9B96FC25382453008D9A05 /* Info.plist */ = {isa = PBXFileReference; lastKnownFileType = text.plist.xml; path = Info.plist; sourceTree = "<group>"; };
		4B9B970125382453008D9A05 /* grpc_SwiftUITests.xctest */ = {isa = PBXFileReference; explicitFileType = wrapper.cfbundle; includeInIndex = 0; path = grpc_SwiftUITests.xctest; sourceTree = BUILT_PRODUCTS_DIR; };
		4B9B970525382453008D9A05 /* grpc_SwiftUITests.swift */ = {isa = PBXFileReference; lastKnownFileType = sourcecode.swift; path = grpc_SwiftUITests.swift; sourceTree = "<group>"; };
		4B9B970725382453008D9A05 /* Info.plist */ = {isa = PBXFileReference; lastKnownFileType = text.plist.xml; path = Info.plist; sourceTree = "<group>"; };
		4E4D73364FEDC932AF8C72F7 /* Pods_grpc_SwiftTests.framework */ = {isa = PBXFileReference; explicitFileType = wrapper.framework; includeInIndex = 0; path = Pods_grpc_SwiftTests.framework; sourceTree = BUILT_PRODUCTS_DIR; };
		65ADBED70841B8DB6B79D4A6 /* Pods-grpc_Swift-grpc_SwiftUITests.debug.xcconfig */ = {isa = PBXFileReference; includeInIndex = 1; lastKnownFileType = text.xcconfig; name = "Pods-grpc_Swift-grpc_SwiftUITests.debug.xcconfig"; path = "Target Support Files/Pods-grpc_Swift-grpc_SwiftUITests/Pods-grpc_Swift-grpc_SwiftUITests.debug.xcconfig"; sourceTree = "<group>"; };
		787B3031365334EE90395098 /* Pods_grpc_Swift_grpc_SwiftUITests.framework */ = {isa = PBXFileReference; explicitFileType = wrapper.framework; includeInIndex = 0; path = Pods_grpc_Swift_grpc_SwiftUITests.framework; sourceTree = BUILT_PRODUCTS_DIR; };
		96D9FDCD04110014AB5F0C22 /* Pods-grpc_Swift.release.xcconfig */ = {isa = PBXFileReference; includeInIndex = 1; lastKnownFileType = text.xcconfig; name = "Pods-grpc_Swift.release.xcconfig"; path = "Target Support Files/Pods-grpc_Swift/Pods-grpc_Swift.release.xcconfig"; sourceTree = "<group>"; };
		9D53FAA4578705975A78975A /* Pods-grpc_SwiftTests.release.xcconfig */ = {isa = PBXFileReference; includeInIndex = 1; lastKnownFileType = text.xcconfig; name = "Pods-grpc_SwiftTests.release.xcconfig"; path = "Target Support Files/Pods-grpc_SwiftTests/Pods-grpc_SwiftTests.release.xcconfig"; sourceTree = "<group>"; };
/* End PBXFileReference section */

/* Begin PBXFrameworksBuildPhase section */
		4B9B96DA25382452008D9A05 /* Frameworks */ = {
			isa = PBXFrameworksBuildPhase;
			buildActionMask = 2147483647;
			files = (
				D8C8AC94C117237F551DB121 /* Pods_grpc_Swift.framework in Frameworks */,
			);
			runOnlyForDeploymentPostprocessing = 0;
		};
		4B9B96F325382453008D9A05 /* Frameworks */ = {
			isa = PBXFrameworksBuildPhase;
			buildActionMask = 2147483647;
			files = (
				EC1B294A71FA589041597D95 /* Pods_grpc_SwiftTests.framework in Frameworks */,
			);
			runOnlyForDeploymentPostprocessing = 0;
		};
		4B9B96FE25382453008D9A05 /* Frameworks */ = {
			isa = PBXFrameworksBuildPhase;
			buildActionMask = 2147483647;
			files = (
				6E9F78848AFB360A0F5DD5D8 /* Pods_grpc_Swift_grpc_SwiftUITests.framework in Frameworks */,
			);
			runOnlyForDeploymentPostprocessing = 0;
		};
/* End PBXFrameworksBuildPhase section */

/* Begin PBXGroup section */
		4B9B96D425382452008D9A05 = {
			isa = PBXGroup;
			children = (
				4B9B96DF25382452008D9A05 /* grpc_Swift */,
				4B9B96F925382453008D9A05 /* grpc_SwiftTests */,
				4B9B970425382453008D9A05 /* grpc_SwiftUITests */,
				4B9B96DE25382452008D9A05 /* Products */,
				FA30CFA1EF5C1E89CE56D92D /* Pods */,
				BA8DC96C0CD47C444B2B56C8 /* Frameworks */,
			);
			sourceTree = "<group>";
		};
		4B9B96DE25382452008D9A05 /* Products */ = {
			isa = PBXGroup;
			children = (
				4B9B96DD25382452008D9A05 /* grpc_Swift.app */,
				4B9B96F625382453008D9A05 /* grpc_SwiftTests.xctest */,
				4B9B970125382453008D9A05 /* grpc_SwiftUITests.xctest */,
			);
			name = Products;
			sourceTree = "<group>";
		};
		4B9B96DF25382452008D9A05 /* grpc_Swift */ = {
			isa = PBXGroup;
			children = (
				4B7EBD4B253AD19000F7BA27 /* Impressions.podspec */,
				4B9B96E025382452008D9A05 /* AppDelegate.swift */,
				4B9B96E225382452008D9A05 /* SceneDelegate.swift */,
				4B9B96E425382452008D9A05 /* ContentView.swift */,
				4B9B96E925382453008D9A05 /* Assets.xcassets */,
				4B9B96EE25382453008D9A05 /* LaunchScreen.storyboard */,
				4B9B96F125382453008D9A05 /* Info.plist */,
				4B9B96E625382452008D9A05 /* grpc_Swift.xcdatamodeld */,
				4B9B96EB25382453008D9A05 /* Preview Content */,
			);
			path = grpc_Swift;
			sourceTree = "<group>";
		};
		4B9B96EB25382453008D9A05 /* Preview Content */ = {
			isa = PBXGroup;
			children = (
				4B9B96EC25382453008D9A05 /* Preview Assets.xcassets */,
			);
			path = "Preview Content";
			sourceTree = "<group>";
		};
		4B9B96F925382453008D9A05 /* grpc_SwiftTests */ = {
			isa = PBXGroup;
			children = (
				4B9B96FA25382453008D9A05 /* grpc_SwiftTests.swift */,
				4B9B96FC25382453008D9A05 /* Info.plist */,
			);
			path = grpc_SwiftTests;
			sourceTree = "<group>";
		};
		4B9B970425382453008D9A05 /* grpc_SwiftUITests */ = {
			isa = PBXGroup;
			children = (
				4B9B970525382453008D9A05 /* grpc_SwiftUITests.swift */,
				4B9B970725382453008D9A05 /* Info.plist */,
			);
			path = grpc_SwiftUITests;
			sourceTree = "<group>";
		};
		BA8DC96C0CD47C444B2B56C8 /* Frameworks */ = {
			isa = PBXGroup;
			children = (
				4275CCE9C2151250DA8F6936 /* Pods_grpc_Swift.framework */,
				787B3031365334EE90395098 /* Pods_grpc_Swift_grpc_SwiftUITests.framework */,
				4E4D73364FEDC932AF8C72F7 /* Pods_grpc_SwiftTests.framework */,
			);
			name = Frameworks;
			sourceTree = "<group>";
		};
		FA30CFA1EF5C1E89CE56D92D /* Pods */ = {
			isa = PBXGroup;
			children = (
				09B6CEA5EC04C1E365E79DEB /* Pods-grpc_Swift.debug.xcconfig */,
				96D9FDCD04110014AB5F0C22 /* Pods-grpc_Swift.release.xcconfig */,
				65ADBED70841B8DB6B79D4A6 /* Pods-grpc_Swift-grpc_SwiftUITests.debug.xcconfig */,
				41328FDF1BF8C90708335CCA /* Pods-grpc_Swift-grpc_SwiftUITests.release.xcconfig */,
				1C75FAA6ECC9C64F5504507E /* Pods-grpc_SwiftTests.debug.xcconfig */,
				9D53FAA4578705975A78975A /* Pods-grpc_SwiftTests.release.xcconfig */,
			);
			path = Pods;
			sourceTree = "<group>";
		};
/* End PBXGroup section */

/* Begin PBXNativeTarget section */
		4B9B96DC25382452008D9A05 /* grpc_Swift */ = {
			isa = PBXNativeTarget;
			buildConfigurationList = 4B9B970A25382453008D9A05 /* Build configuration list for PBXNativeTarget "grpc_Swift" */;
			buildPhases = (
				1F835A42F3D80B0817FC8D59 /* [CP] Check Pods Manifest.lock */,
				4B9B96D925382452008D9A05 /* Sources */,
				4B9B96DA25382452008D9A05 /* Frameworks */,
				4B9B96DB25382452008D9A05 /* Resources */,
				E2166253039400B40F55665E /* [CP] Embed Pods Frameworks */,
			);
			buildRules = (
			);
			dependencies = (
			);
			name = grpc_Swift;
			productName = grpc_Swift;
			productReference = 4B9B96DD25382452008D9A05 /* grpc_Swift.app */;
			productType = "com.apple.product-type.application";
		};
		4B9B96F525382453008D9A05 /* grpc_SwiftTests */ = {
			isa = PBXNativeTarget;
			buildConfigurationList = 4B9B970D25382453008D9A05 /* Build configuration list for PBXNativeTarget "grpc_SwiftTests" */;
			buildPhases = (
				B4261697A0EA48336B157F2B /* [CP] Check Pods Manifest.lock */,
				4B9B96F225382453008D9A05 /* Sources */,
				4B9B96F325382453008D9A05 /* Frameworks */,
				4B9B96F425382453008D9A05 /* Resources */,
			);
			buildRules = (
			);
			dependencies = (
				4B9B96F825382453008D9A05 /* PBXTargetDependency */,
			);
			name = grpc_SwiftTests;
			productName = grpc_SwiftTests;
			productReference = 4B9B96F625382453008D9A05 /* grpc_SwiftTests.xctest */;
			productType = "com.apple.product-type.bundle.unit-test";
		};
		4B9B970025382453008D9A05 /* grpc_SwiftUITests */ = {
			isa = PBXNativeTarget;
			buildConfigurationList = 4B9B971025382453008D9A05 /* Build configuration list for PBXNativeTarget "grpc_SwiftUITests" */;
			buildPhases = (
				A01964712100D33BC9F3BB9B /* [CP] Check Pods Manifest.lock */,
				4B9B96FD25382453008D9A05 /* Sources */,
				4B9B96FE25382453008D9A05 /* Frameworks */,
				4B9B96FF25382453008D9A05 /* Resources */,
				5C204591D3B86490C321E67B /* [CP] Embed Pods Frameworks */,
			);
			buildRules = (
			);
			dependencies = (
				4B9B970325382453008D9A05 /* PBXTargetDependency */,
			);
			name = grpc_SwiftUITests;
			productName = grpc_SwiftUITests;
			productReference = 4B9B970125382453008D9A05 /* grpc_SwiftUITests.xctest */;
			productType = "com.apple.product-type.bundle.ui-testing";
		};
/* End PBXNativeTarget section */

/* Begin PBXProject section */
		4B9B96D525382452008D9A05 /* Project object */ = {
			isa = PBXProject;
			attributes = {
				LastSwiftUpdateCheck = 1200;
				LastUpgradeCheck = 1200;
				TargetAttributes = {
					4B9B96DC25382452008D9A05 = {
						CreatedOnToolsVersion = 12.0.1;
					};
					4B9B96F525382453008D9A05 = {
						CreatedOnToolsVersion = 12.0.1;
						TestTargetID = 4B9B96DC25382452008D9A05;
					};
					4B9B970025382453008D9A05 = {
						CreatedOnToolsVersion = 12.0.1;
						TestTargetID = 4B9B96DC25382452008D9A05;
					};
				};
			};
			buildConfigurationList = 4B9B96D825382452008D9A05 /* Build configuration list for PBXProject "grpc_Swift" */;
			compatibilityVersion = "Xcode 9.3";
			developmentRegion = en;
			hasScannedForEncodings = 0;
			knownRegions = (
				en,
				Base,
			);
			mainGroup = 4B9B96D425382452008D9A05;
			productRefGroup = 4B9B96DE25382452008D9A05 /* Products */;
			projectDirPath = "";
			projectRoot = "";
			targets = (
				4B9B96DC25382452008D9A05 /* grpc_Swift */,
				4B9B96F525382453008D9A05 /* grpc_SwiftTests */,
				4B9B970025382453008D9A05 /* grpc_SwiftUITests */,
			);
		};
/* End PBXProject section */

/* Begin PBXResourcesBuildPhase section */
		4B9B96DB25382452008D9A05 /* Resources */ = {
			isa = PBXResourcesBuildPhase;
			buildActionMask = 2147483647;
			files = (
				4B9B96F025382453008D9A05 /* LaunchScreen.storyboard in Resources */,
				4B9B96ED25382453008D9A05 /* Preview Assets.xcassets in Resources */,
				4B9B96EA25382453008D9A05 /* Assets.xcassets in Resources */,
				4B7EBD4C253AD19000F7BA27 /* Impressions.podspec in Resources */,
			);
			runOnlyForDeploymentPostprocessing = 0;
		};
		4B9B96F425382453008D9A05 /* Resources */ = {
			isa = PBXResourcesBuildPhase;
			buildActionMask = 2147483647;
			files = (
			);
			runOnlyForDeploymentPostprocessing = 0;
		};
		4B9B96FF25382453008D9A05 /* Resources */ = {
			isa = PBXResourcesBuildPhase;
			buildActionMask = 2147483647;
			files = (
			);
			runOnlyForDeploymentPostprocessing = 0;
		};
/* End PBXResourcesBuildPhase section */

/* Begin PBXShellScriptBuildPhase section */
		1F835A42F3D80B0817FC8D59 /* [CP] Check Pods Manifest.lock */ = {
			isa = PBXShellScriptBuildPhase;
			buildActionMask = 2147483647;
			files = (
			);
			inputFileListPaths = (
			);
			inputPaths = (
				"${PODS_PODFILE_DIR_PATH}/Podfile.lock",
				"${PODS_ROOT}/Manifest.lock",
			);
			name = "[CP] Check Pods Manifest.lock";
			outputFileListPaths = (
			);
			outputPaths = (
				"$(DERIVED_FILE_DIR)/Pods-grpc_Swift-checkManifestLockResult.txt",
			);
			runOnlyForDeploymentPostprocessing = 0;
			shellPath = /bin/sh;
			shellScript = "diff \"${PODS_PODFILE_DIR_PATH}/Podfile.lock\" \"${PODS_ROOT}/Manifest.lock\" > /dev/null\nif [ $? != 0 ] ; then\n    # print error to STDERR\n    echo \"error: The sandbox is not in sync with the Podfile.lock. Run 'pod install' or update your CocoaPods installation.\" >&2\n    exit 1\nfi\n# This output is used by Xcode 'outputs' to avoid re-running this script phase.\necho \"SUCCESS\" > \"${SCRIPT_OUTPUT_FILE_0}\"\n";
			showEnvVarsInLog = 0;
		};
		5C204591D3B86490C321E67B /* [CP] Embed Pods Frameworks */ = {
			isa = PBXShellScriptBuildPhase;
			buildActionMask = 2147483647;
			files = (
			);
			inputFileListPaths = (
				"${PODS_ROOT}/Target Support Files/Pods-grpc_Swift-grpc_SwiftUITests/Pods-grpc_Swift-grpc_SwiftUITests-frameworks-${CONFIGURATION}-input-files.xcfilelist",
			);
			name = "[CP] Embed Pods Frameworks";
			outputFileListPaths = (
				"${PODS_ROOT}/Target Support Files/Pods-grpc_Swift-grpc_SwiftUITests/Pods-grpc_Swift-grpc_SwiftUITests-frameworks-${CONFIGURATION}-output-files.xcfilelist",
			);
			runOnlyForDeploymentPostprocessing = 0;
			shellPath = /bin/sh;
			shellScript = "\"${PODS_ROOT}/Target Support Files/Pods-grpc_Swift-grpc_SwiftUITests/Pods-grpc_Swift-grpc_SwiftUITests-frameworks.sh\"\n";
			showEnvVarsInLog = 0;
		};
		A01964712100D33BC9F3BB9B /* [CP] Check Pods Manifest.lock */ = {
			isa = PBXShellScriptBuildPhase;
			buildActionMask = 2147483647;
			files = (
			);
			inputFileListPaths = (
			);
			inputPaths = (
				"${PODS_PODFILE_DIR_PATH}/Podfile.lock",
				"${PODS_ROOT}/Manifest.lock",
			);
			name = "[CP] Check Pods Manifest.lock";
			outputFileListPaths = (
			);
			outputPaths = (
				"$(DERIVED_FILE_DIR)/Pods-grpc_Swift-grpc_SwiftUITests-checkManifestLockResult.txt",
			);
			runOnlyForDeploymentPostprocessing = 0;
			shellPath = /bin/sh;
			shellScript = "diff \"${PODS_PODFILE_DIR_PATH}/Podfile.lock\" \"${PODS_ROOT}/Manifest.lock\" > /dev/null\nif [ $? != 0 ] ; then\n    # print error to STDERR\n    echo \"error: The sandbox is not in sync with the Podfile.lock. Run 'pod install' or update your CocoaPods installation.\" >&2\n    exit 1\nfi\n# This output is used by Xcode 'outputs' to avoid re-running this script phase.\necho \"SUCCESS\" > \"${SCRIPT_OUTPUT_FILE_0}\"\n";
			showEnvVarsInLog = 0;
		};
		B4261697A0EA48336B157F2B /* [CP] Check Pods Manifest.lock */ = {
			isa = PBXShellScriptBuildPhase;
			buildActionMask = 2147483647;
			files = (
			);
			inputFileListPaths = (
			);
			inputPaths = (
				"${PODS_PODFILE_DIR_PATH}/Podfile.lock",
				"${PODS_ROOT}/Manifest.lock",
			);
			name = "[CP] Check Pods Manifest.lock";
			outputFileListPaths = (
			);
			outputPaths = (
				"$(DERIVED_FILE_DIR)/Pods-grpc_SwiftTests-checkManifestLockResult.txt",
			);
			runOnlyForDeploymentPostprocessing = 0;
			shellPath = /bin/sh;
			shellScript = "diff \"${PODS_PODFILE_DIR_PATH}/Podfile.lock\" \"${PODS_ROOT}/Manifest.lock\" > /dev/null\nif [ $? != 0 ] ; then\n    # print error to STDERR\n    echo \"error: The sandbox is not in sync with the Podfile.lock. Run 'pod install' or update your CocoaPods installation.\" >&2\n    exit 1\nfi\n# This output is used by Xcode 'outputs' to avoid re-running this script phase.\necho \"SUCCESS\" > \"${SCRIPT_OUTPUT_FILE_0}\"\n";
			showEnvVarsInLog = 0;
		};
		E2166253039400B40F55665E /* [CP] Embed Pods Frameworks */ = {
			isa = PBXShellScriptBuildPhase;
			buildActionMask = 2147483647;
			files = (
			);
			inputFileListPaths = (
				"${PODS_ROOT}/Target Support Files/Pods-grpc_Swift/Pods-grpc_Swift-frameworks-${CONFIGURATION}-input-files.xcfilelist",
			);
			name = "[CP] Embed Pods Frameworks";
			outputFileListPaths = (
				"${PODS_ROOT}/Target Support Files/Pods-grpc_Swift/Pods-grpc_Swift-frameworks-${CONFIGURATION}-output-files.xcfilelist",
			);
			runOnlyForDeploymentPostprocessing = 0;
			shellPath = /bin/sh;
			shellScript = "\"${PODS_ROOT}/Target Support Files/Pods-grpc_Swift/Pods-grpc_Swift-frameworks.sh\"\n";
			showEnvVarsInLog = 0;
		};
/* End PBXShellScriptBuildPhase section */

/* Begin PBXSourcesBuildPhase section */
		4B9B96D925382452008D9A05 /* Sources */ = {
			isa = PBXSourcesBuildPhase;
			buildActionMask = 2147483647;
			files = (
				4B9B96E125382452008D9A05 /* AppDelegate.swift in Sources */,
				4B9B96E325382452008D9A05 /* SceneDelegate.swift in Sources */,
				4B9B96E525382452008D9A05 /* ContentView.swift in Sources */,
				4B9B96E825382452008D9A05 /* grpc_Swift.xcdatamodeld in Sources */,
			);
			runOnlyForDeploymentPostprocessing = 0;
		};
		4B9B96F225382453008D9A05 /* Sources */ = {
			isa = PBXSourcesBuildPhase;
			buildActionMask = 2147483647;
			files = (
				4B9B96FB25382453008D9A05 /* grpc_SwiftTests.swift in Sources */,
			);
			runOnlyForDeploymentPostprocessing = 0;
		};
		4B9B96FD25382453008D9A05 /* Sources */ = {
			isa = PBXSourcesBuildPhase;
			buildActionMask = 2147483647;
			files = (
				4B9B970625382453008D9A05 /* grpc_SwiftUITests.swift in Sources */,
			);
			runOnlyForDeploymentPostprocessing = 0;
		};
/* End PBXSourcesBuildPhase section */

/* Begin PBXTargetDependency section */
		4B9B96F825382453008D9A05 /* PBXTargetDependency */ = {
			isa = PBXTargetDependency;
			target = 4B9B96DC25382452008D9A05 /* grpc_Swift */;
			targetProxy = 4B9B96F725382453008D9A05 /* PBXContainerItemProxy */;
		};
		4B9B970325382453008D9A05 /* PBXTargetDependency */ = {
			isa = PBXTargetDependency;
			target = 4B9B96DC25382452008D9A05 /* grpc_Swift */;
			targetProxy = 4B9B970225382453008D9A05 /* PBXContainerItemProxy */;
		};
/* End PBXTargetDependency section */

/* Begin PBXVariantGroup section */
		4B9B96EE25382453008D9A05 /* LaunchScreen.storyboard */ = {
			isa = PBXVariantGroup;
			children = (
				4B9B96EF25382453008D9A05 /* Base */,
			);
			name = LaunchScreen.storyboard;
			sourceTree = "<group>";
		};
/* End PBXVariantGroup section */

/* Begin XCBuildConfiguration section */
		4B9B970825382453008D9A05 /* Debug */ = {
			isa = XCBuildConfiguration;
			buildSettings = {
				ALWAYS_SEARCH_USER_PATHS = NO;
				CLANG_ANALYZER_NONNULL = YES;
				CLANG_ANALYZER_NUMBER_OBJECT_CONVERSION = YES_AGGRESSIVE;
				CLANG_CXX_LANGUAGE_STANDARD = "gnu++14";
				CLANG_CXX_LIBRARY = "libc++";
				CLANG_ENABLE_MODULES = YES;
				CLANG_ENABLE_OBJC_ARC = YES;
				CLANG_ENABLE_OBJC_WEAK = YES;
				CLANG_WARN_BLOCK_CAPTURE_AUTORELEASING = YES;
				CLANG_WARN_BOOL_CONVERSION = YES;
				CLANG_WARN_COMMA = YES;
				CLANG_WARN_CONSTANT_CONVERSION = YES;
				CLANG_WARN_DEPRECATED_OBJC_IMPLEMENTATIONS = YES;
				CLANG_WARN_DIRECT_OBJC_ISA_USAGE = YES_ERROR;
				CLANG_WARN_DOCUMENTATION_COMMENTS = YES;
				CLANG_WARN_EMPTY_BODY = YES;
				CLANG_WARN_ENUM_CONVERSION = YES;
				CLANG_WARN_INFINITE_RECURSION = YES;
				CLANG_WARN_INT_CONVERSION = YES;
				CLANG_WARN_NON_LITERAL_NULL_CONVERSION = YES;
				CLANG_WARN_OBJC_IMPLICIT_RETAIN_SELF = YES;
				CLANG_WARN_OBJC_LITERAL_CONVERSION = YES;
				CLANG_WARN_OBJC_ROOT_CLASS = YES_ERROR;
				CLANG_WARN_QUOTED_INCLUDE_IN_FRAMEWORK_HEADER = YES;
				CLANG_WARN_RANGE_LOOP_ANALYSIS = YES;
				CLANG_WARN_STRICT_PROTOTYPES = YES;
				CLANG_WARN_SUSPICIOUS_MOVE = YES;
				CLANG_WARN_UNGUARDED_AVAILABILITY = YES_AGGRESSIVE;
				CLANG_WARN_UNREACHABLE_CODE = YES;
				CLANG_WARN__DUPLICATE_METHOD_MATCH = YES;
				COPY_PHASE_STRIP = NO;
				DEBUG_INFORMATION_FORMAT = dwarf;
				ENABLE_STRICT_OBJC_MSGSEND = YES;
				ENABLE_TESTABILITY = YES;
				GCC_C_LANGUAGE_STANDARD = gnu11;
				GCC_DYNAMIC_NO_PIC = NO;
				GCC_NO_COMMON_BLOCKS = YES;
				GCC_OPTIMIZATION_LEVEL = 0;
				GCC_PREPROCESSOR_DEFINITIONS = (
					"DEBUG=1",
					"$(inherited)",
				);
				GCC_WARN_64_TO_32_BIT_CONVERSION = YES;
				GCC_WARN_ABOUT_RETURN_TYPE = YES_ERROR;
				GCC_WARN_UNDECLARED_SELECTOR = YES;
				GCC_WARN_UNINITIALIZED_AUTOS = YES_AGGRESSIVE;
				GCC_WARN_UNUSED_FUNCTION = YES;
				GCC_WARN_UNUSED_VARIABLE = YES;
				IPHONEOS_DEPLOYMENT_TARGET = 14.0;
				MTL_ENABLE_DEBUG_INFO = INCLUDE_SOURCE;
				MTL_FAST_MATH = YES;
				ONLY_ACTIVE_ARCH = YES;
				SDKROOT = iphoneos;
				SWIFT_ACTIVE_COMPILATION_CONDITIONS = DEBUG;
				SWIFT_OPTIMIZATION_LEVEL = "-Onone";
			};
			name = Debug;
		};
		4B9B970925382453008D9A05 /* Release */ = {
			isa = XCBuildConfiguration;
			buildSettings = {
				ALWAYS_SEARCH_USER_PATHS = NO;
				CLANG_ANALYZER_NONNULL = YES;
				CLANG_ANALYZER_NUMBER_OBJECT_CONVERSION = YES_AGGRESSIVE;
				CLANG_CXX_LANGUAGE_STANDARD = "gnu++14";
				CLANG_CXX_LIBRARY = "libc++";
				CLANG_ENABLE_MODULES = YES;
				CLANG_ENABLE_OBJC_ARC = YES;
				CLANG_ENABLE_OBJC_WEAK = YES;
				CLANG_WARN_BLOCK_CAPTURE_AUTORELEASING = YES;
				CLANG_WARN_BOOL_CONVERSION = YES;
				CLANG_WARN_COMMA = YES;
				CLANG_WARN_CONSTANT_CONVERSION = YES;
				CLANG_WARN_DEPRECATED_OBJC_IMPLEMENTATIONS = YES;
				CLANG_WARN_DIRECT_OBJC_ISA_USAGE = YES_ERROR;
				CLANG_WARN_DOCUMENTATION_COMMENTS = YES;
				CLANG_WARN_EMPTY_BODY = YES;
				CLANG_WARN_ENUM_CONVERSION = YES;
				CLANG_WARN_INFINITE_RECURSION = YES;
				CLANG_WARN_INT_CONVERSION = YES;
				CLANG_WARN_NON_LITERAL_NULL_CONVERSION = YES;
				CLANG_WARN_OBJC_IMPLICIT_RETAIN_SELF = YES;
				CLANG_WARN_OBJC_LITERAL_CONVERSION = YES;
				CLANG_WARN_OBJC_ROOT_CLASS = YES_ERROR;
				CLANG_WARN_QUOTED_INCLUDE_IN_FRAMEWORK_HEADER = YES;
				CLANG_WARN_RANGE_LOOP_ANALYSIS = YES;
				CLANG_WARN_STRICT_PROTOTYPES = YES;
				CLANG_WARN_SUSPICIOUS_MOVE = YES;
				CLANG_WARN_UNGUARDED_AVAILABILITY = YES_AGGRESSIVE;
				CLANG_WARN_UNREACHABLE_CODE = YES;
				CLANG_WARN__DUPLICATE_METHOD_MATCH = YES;
				COPY_PHASE_STRIP = NO;
				DEBUG_INFORMATION_FORMAT = "dwarf-with-dsym";
				ENABLE_NS_ASSERTIONS = NO;
				ENABLE_STRICT_OBJC_MSGSEND = YES;
				GCC_C_LANGUAGE_STANDARD = gnu11;
				GCC_NO_COMMON_BLOCKS = YES;
				GCC_WARN_64_TO_32_BIT_CONVERSION = YES;
				GCC_WARN_ABOUT_RETURN_TYPE = YES_ERROR;
				GCC_WARN_UNDECLARED_SELECTOR = YES;
				GCC_WARN_UNINITIALIZED_AUTOS = YES_AGGRESSIVE;
				GCC_WARN_UNUSED_FUNCTION = YES;
				GCC_WARN_UNUSED_VARIABLE = YES;
				IPHONEOS_DEPLOYMENT_TARGET = 14.0;
				MTL_ENABLE_DEBUG_INFO = NO;
				MTL_FAST_MATH = YES;
				SDKROOT = iphoneos;
				SWIFT_COMPILATION_MODE = wholemodule;
				SWIFT_OPTIMIZATION_LEVEL = "-O";
				VALIDATE_PRODUCT = YES;
			};
			name = Release;
		};
		4B9B970B25382453008D9A05 /* Debug */ = {
			isa = XCBuildConfiguration;
			baseConfigurationReference = 09B6CEA5EC04C1E365E79DEB /* Pods-grpc_Swift.debug.xcconfig */;
			buildSettings = {
				ASSETCATALOG_COMPILER_APPICON_NAME = AppIcon;
				ASSETCATALOG_COMPILER_GLOBAL_ACCENT_COLOR_NAME = AccentColor;
				CODE_SIGN_STYLE = Automatic;
				DEVELOPMENT_ASSET_PATHS = "\"grpc_Swift/Preview Content\"";
				DEVELOPMENT_TEAM = X9J2SG7MB3;
				ENABLE_PREVIEWS = YES;
				INFOPLIST_FILE = grpc_Swift/Info.plist;
				LD_RUNPATH_SEARCH_PATHS = (
					"$(inherited)",
					"@executable_path/Frameworks",
				);
				PRODUCT_BUNDLE_IDENTIFIER = "com.getepic.grpc-Swift";
				PRODUCT_NAME = "$(TARGET_NAME)";
				SWIFT_VERSION = 5.0;
				TARGETED_DEVICE_FAMILY = "1,2";
			};
			name = Debug;
		};
		4B9B970C25382453008D9A05 /* Release */ = {
			isa = XCBuildConfiguration;
			baseConfigurationReference = 96D9FDCD04110014AB5F0C22 /* Pods-grpc_Swift.release.xcconfig */;
			buildSettings = {
				ASSETCATALOG_COMPILER_APPICON_NAME = AppIcon;
				ASSETCATALOG_COMPILER_GLOBAL_ACCENT_COLOR_NAME = AccentColor;
				CODE_SIGN_STYLE = Automatic;
				DEVELOPMENT_ASSET_PATHS = "\"grpc_Swift/Preview Content\"";
				DEVELOPMENT_TEAM = X9J2SG7MB3;
				ENABLE_PREVIEWS = YES;
				INFOPLIST_FILE = grpc_Swift/Info.plist;
				LD_RUNPATH_SEARCH_PATHS = (
					"$(inherited)",
					"@executable_path/Frameworks",
				);
				PRODUCT_BUNDLE_IDENTIFIER = "com.getepic.grpc-Swift";
				PRODUCT_NAME = "$(TARGET_NAME)";
				SWIFT_VERSION = 5.0;
				TARGETED_DEVICE_FAMILY = "1,2";
			};
			name = Release;
		};
		4B9B970E25382453008D9A05 /* Debug */ = {
			isa = XCBuildConfiguration;
			baseConfigurationReference = 1C75FAA6ECC9C64F5504507E /* Pods-grpc_SwiftTests.debug.xcconfig */;
			buildSettings = {
				ALWAYS_EMBED_SWIFT_STANDARD_LIBRARIES = YES;
				BUNDLE_LOADER = "$(TEST_HOST)";
				CODE_SIGN_STYLE = Automatic;
				DEVELOPMENT_TEAM = X9J2SG7MB3;
				INFOPLIST_FILE = grpc_SwiftTests/Info.plist;
				IPHONEOS_DEPLOYMENT_TARGET = 14.0;
				LD_RUNPATH_SEARCH_PATHS = (
					"$(inherited)",
					"@executable_path/Frameworks",
					"@loader_path/Frameworks",
				);
				PRODUCT_BUNDLE_IDENTIFIER = "com.getepic.grpc-SwiftTests";
				PRODUCT_NAME = "$(TARGET_NAME)";
				SWIFT_VERSION = 5.0;
				TARGETED_DEVICE_FAMILY = "1,2";
				TEST_HOST = "$(BUILT_PRODUCTS_DIR)/grpc_Swift.app/grpc_Swift";
			};
			name = Debug;
		};
		4B9B970F25382453008D9A05 /* Release */ = {
			isa = XCBuildConfiguration;
			baseConfigurationReference = 9D53FAA4578705975A78975A /* Pods-grpc_SwiftTests.release.xcconfig */;
			buildSettings = {
				ALWAYS_EMBED_SWIFT_STANDARD_LIBRARIES = YES;
				BUNDLE_LOADER = "$(TEST_HOST)";
				CODE_SIGN_STYLE = Automatic;
				DEVELOPMENT_TEAM = X9J2SG7MB3;
				INFOPLIST_FILE = grpc_SwiftTests/Info.plist;
				IPHONEOS_DEPLOYMENT_TARGET = 14.0;
				LD_RUNPATH_SEARCH_PATHS = (
					"$(inherited)",
					"@executable_path/Frameworks",
					"@loader_path/Frameworks",
				);
				PRODUCT_BUNDLE_IDENTIFIER = "com.getepic.grpc-SwiftTests";
				PRODUCT_NAME = "$(TARGET_NAME)";
				SWIFT_VERSION = 5.0;
				TARGETED_DEVICE_FAMILY = "1,2";
				TEST_HOST = "$(BUILT_PRODUCTS_DIR)/grpc_Swift.app/grpc_Swift";
			};
			name = Release;
		};
		4B9B971125382453008D9A05 /* Debug */ = {
			isa = XCBuildConfiguration;
			baseConfigurationReference = 65ADBED70841B8DB6B79D4A6 /* Pods-grpc_Swift-grpc_SwiftUITests.debug.xcconfig */;
			buildSettings = {
				ALWAYS_EMBED_SWIFT_STANDARD_LIBRARIES = YES;
				CODE_SIGN_STYLE = Automatic;
				DEVELOPMENT_TEAM = X9J2SG7MB3;
				INFOPLIST_FILE = grpc_SwiftUITests/Info.plist;
				LD_RUNPATH_SEARCH_PATHS = (
					"$(inherited)",
					"@executable_path/Frameworks",
					"@loader_path/Frameworks",
				);
				PRODUCT_BUNDLE_IDENTIFIER = "com.getepic.grpc-SwiftUITests";
				PRODUCT_NAME = "$(TARGET_NAME)";
				SWIFT_VERSION = 5.0;
				TARGETED_DEVICE_FAMILY = "1,2";
				TEST_TARGET_NAME = grpc_Swift;
			};
			name = Debug;
		};
		4B9B971225382453008D9A05 /* Release */ = {
			isa = XCBuildConfiguration;
			baseConfigurationReference = 41328FDF1BF8C90708335CCA /* Pods-grpc_Swift-grpc_SwiftUITests.release.xcconfig */;
			buildSettings = {
				ALWAYS_EMBED_SWIFT_STANDARD_LIBRARIES = YES;
				CODE_SIGN_STYLE = Automatic;
				DEVELOPMENT_TEAM = X9J2SG7MB3;
				INFOPLIST_FILE = grpc_SwiftUITests/Info.plist;
				LD_RUNPATH_SEARCH_PATHS = (
					"$(inherited)",
					"@executable_path/Frameworks",
					"@loader_path/Frameworks",
				);
				PRODUCT_BUNDLE_IDENTIFIER = "com.getepic.grpc-SwiftUITests";
				PRODUCT_NAME = "$(TARGET_NAME)";
				SWIFT_VERSION = 5.0;
				TARGETED_DEVICE_FAMILY = "1,2";
				TEST_TARGET_NAME = grpc_Swift;
			};
			name = Release;
		};
/* End XCBuildConfiguration section */

/* Begin XCConfigurationList section */
		4B9B96D825382452008D9A05 /* Build configuration list for PBXProject "grpc_Swift" */ = {
			isa = XCConfigurationList;
			buildConfigurations = (
				4B9B970825382453008D9A05 /* Debug */,
				4B9B970925382453008D9A05 /* Release */,
			);
			defaultConfigurationIsVisible = 0;
			defaultConfigurationName = Release;
		};
		4B9B970A25382453008D9A05 /* Build configuration list for PBXNativeTarget "grpc_Swift" */ = {
			isa = XCConfigurationList;
			buildConfigurations = (
				4B9B970B25382453008D9A05 /* Debug */,
				4B9B970C25382453008D9A05 /* Release */,
			);
			defaultConfigurationIsVisible = 0;
			defaultConfigurationName = Release;
		};
		4B9B970D25382453008D9A05 /* Build configuration list for PBXNativeTarget "grpc_SwiftTests" */ = {
			isa = XCConfigurationList;
			buildConfigurations = (
				4B9B970E25382453008D9A05 /* Debug */,
				4B9B970F25382453008D9A05 /* Release */,
			);
			defaultConfigurationIsVisible = 0;
			defaultConfigurationName = Release;
		};
		4B9B971025382453008D9A05 /* Build configuration list for PBXNativeTarget "grpc_SwiftUITests" */ = {
			isa = XCConfigurationList;
			buildConfigurations = (
				4B9B971125382453008D9A05 /* Debug */,
				4B9B971225382453008D9A05 /* Release */,
			);
			defaultConfigurationIsVisible = 0;
			defaultConfigurationName = Release;
		};
/* End XCConfigurationList section */

/* Begin XCVersionGroup section */
		4B9B96E625382452008D9A05 /* grpc_Swift.xcdatamodeld */ = {
			isa = XCVersionGroup;
			children = (
				4B9B96E725382452008D9A05 /* grpc_Swift.xcdatamodel */,
			);
			currentVersion = 4B9B96E725382452008D9A05 /* grpc_Swift.xcdatamodel */;
			path = grpc_Swift.xcdatamodeld;
			sourceTree = "<group>";
			versionGroupType = wrapper.xcdatamodel;
		};
/* End XCVersionGroup section */
	};
	rootObject = 4B9B96D525382452008D9A05 /* Project object */;
}
